	<Project xmlns="http://schemas.microsoft.com/developer/msbuild/2003">
		<PropertyGroup>
			<ProjectGuid>{EF16B944-C900-480C-99CC-708A29B96FA0}</ProjectGuid>
			<ProjectVersion>12.0</ProjectVersion>
			<MainSource>GdiPlus10.dpr</MainSource>
			<Config Condition="'$(Config)'==''">Release</Config>
			<DCC_DCCCompiler>DCC32</DCC_DCCCompiler>
		</PropertyGroup>
		<PropertyGroup Condition="'$(Config)'=='Base' or '$(Base)'!=''">
			<Base>true</Base>
		</PropertyGroup>
		<PropertyGroup Condition="'$(Config)'=='Release' or '$(Cfg_1)'!=''">
			<Cfg_1>true</Cfg_1>
			<CfgParent>Base</CfgParent>
			<Base>true</Base>
		</PropertyGroup>
		<PropertyGroup Condition="'$(Config)'=='Debug' or '$(Cfg_2)'!=''">
			<Cfg_2>true</Cfg_2>
			<CfgParent>Base</CfgParent>
			<Base>true</Base>
		</PropertyGroup>
		<PropertyGroup Condition="'$(Base)'!=''">
			<DCC_ExeOutput>..\Bin</DCC_ExeOutput>
			<DCC_DependencyCheckOutputName>..\Bin\GdiPlus10.exe</DCC_DependencyCheckOutputName>
			<DCC_UnitAlias>WinTypes=Windows;WinProcs=Windows;DbiTypes=BDE;DbiProcs=BDE;DbiErrs=BDE;$(DCC_UnitAlias)</DCC_UnitAlias>
			<DCC_Platform>x86</DCC_Platform>
			<DCC_ImageBase>00400000</DCC_ImageBase>
			<DCC_N>false</DCC_N>
			<DCC_S>false</DCC_S>
			<DCC_K>false</DCC_K>
			<DCC_E>false</DCC_E>
			<DCC_F>false</DCC_F>
		</PropertyGroup>
		<PropertyGroup Condition="'$(Cfg_1)'!=''">
			<DCC_LocalDebugSymbols>false</DCC_LocalDebugSymbols>
			<DCC_Define>RELEASE;$(DCC_Define)</DCC_Define>
			<DCC_SymbolReferenceInfo>0</DCC_SymbolReferenceInfo>
			<DCC_DebugInformation>false</DCC_DebugInformation>
		</PropertyGroup>
		<PropertyGroup Condition="'$(Cfg_2)'!=''">
			<DCC_Optimize>false</DCC_Optimize>
			<DCC_DebugDCUs>true</DCC_DebugDCUs>
			<DCC_Define>DEBUG;$(DCC_Define)</DCC_Define>
		</PropertyGroup>
		<ItemGroup>
			<DelphiCompile Include="GdiPlus10.dpr">
				<MainSource>MainSource</MainSource>
			</DelphiCompile>
			<DCCReference Include="FMain.pas">
				<Form>FormMain</Form>
			</DCCReference>
			<DCCReference Include="..\..\Lib\GdiPlus.pas"/>
			<DCCReference Include="uDemo.pas"/>
			<DCCReference Include="Getting Started\uDemoDrawLine.pas"/>
			<DCCReference Include="Getting Started\uDemoDrawString.pas"/>
			<DCCReference Include="Using a Pen to Draw Lines and Shapes\uDemoDrawLinesAndRectangles.pas"/>
			<DCCReference Include="Using a Pen to Draw Lines and Shapes\uDemoPenWidthAndAlignment.pas"/>
			<DCCReference Include="Using a Pen to Draw Lines and Shapes\uDemoDrawLineCaps.pas"/>
			<DCCReference Include="Using a Pen to Draw Lines and Shapes\uDemoJoiningLines.pas"/>
			<DCCReference Include="Using a Pen to Draw Lines and Shapes\uDemoCustomDashedLine.pas"/>
			<DCCReference Include="Using a Pen to Draw Lines and Shapes\uDemoLineTexture.pas"/>
			<DCCReference Include="Using a Brush to Fill Shapes\uDemoFillSolidColor.pas"/>
			<DCCReference Include="Using a Brush to Fill Shapes\uDemoFillHatchPattern.pas"/>
			<DCCReference Include="Using a Brush to Fill Shapes\uDemoFillImageTexture.pas"/>
			<DCCReference Include="Using a Brush to Fill Shapes\uDemoTileImage.pas"/>
			<DCCReference Include="Using Images, Bitmaps and Metafiles\uDemoLoadDisplayBitmap.pas"/>
			<DCCReference Include="Using Images, Bitmaps and Metafiles\uDemoLoadDisplayMetafile.pas"/>
			<DCCReference Include="Using Images, Bitmaps and Metafiles\uDemoRecordMetafiles.pas"/>
			<DCCReference Include="Using Images, Bitmaps and Metafiles\uDemoCropAndScaleImages.pas"/>
			<DCCReference Include="Using Images, Bitmaps and Metafiles\uDemoRotateReflectSkew.pas"/>
			<DCCReference Include="..\..\Lib\GdiPlusHelpers.pas"/>
			<DCCReference Include="uSourceCodeConverter.pas"/>
			<DCCReference Include="Using Images, Bitmaps and Metafiles\uDemoInterpolationMode.pas"/>
			<DCCReference Include="Using Images, Bitmaps and Metafiles\uDemoThumbnails.pas"/>
			<DCCReference Include="Using Images, Bitmaps and Metafiles\uDemoCachedBitmap.pas"/>
			<DCCReference Include="Using Images, Bitmaps and Metafiles\uDemoAvoidAutomaticScaling.pas"/>
			<DCCReference Include="Using Images, Bitmaps and Metafiles\uDemoReadWriteMetaData.pas"/>
			<DCCReference Include="Using Image Encoders and Decoders\uDemoListInstalledEncoders.pas"/>
			<DCCReference Include="Using Image Encoders and Decoders\uDemoListInstalledDecoders.pas"/>
			<DCCReference Include="Using Image Encoders and Decoders\uDemoGetEncoderClsid.pas"/>
			<DCCReference Include="Using Image Encoders and Decoders\Encoder Parameters\uDemoEncoderParameters.pas"/>
			<DCCReference Include="Using Image Encoders and Decoders\Encoder Parameters\uDemoEncoderValue.pas"/>
			<DCCReference Include="Using Image Encoders and Decoders\Encoder Parameters\uDemoAllEncoderParameters.pas"/>
			<DCCReference Include="Using Image Encoders and Decoders\uDemoBmpToPng.pas"/>
			<DCCReference Include="Using Image Encoders and Decoders\uDemoJpegCompression.pas"/>
			<DCCReference Include="Using Image Encoders and Decoders\uDemoTransformJpeg.pas"/>
			<DCCReference Include="Using Image Encoders and Decoders\uDemoCreateMultiFrame.pas"/>
			<DCCReference Include="Alpha Blending Lines and Fills\uDemoSemitransparentLines.pas"/>
			<DCCReference Include="Alpha Blending Lines and Fills\uDemoSemitransparentBrushes.pas"/>
			<DCCReference Include="Alpha Blending Lines and Fills\uDemoCompositingMode.pas"/>
			<DCCReference Include="Alpha Blending Lines and Fills\uDemoColorMatrixAlpha.pas"/>
			<DCCReference Include="Alpha Blending Lines and Fills\uDemoIndividualAlpha.pas"/>
			<DCCReference Include="Using Text and Fonts\uDemoConstructingFonts.pas"/>
			<DCCReference Include="Using Text and Fonts\uDemoDrawingText.pas"/>
			<DCCReference Include="Using Text and Fonts\uDemoFormattingText.pas"/>
			<DCCReference Include="Using Text and Fonts\uDemoInstalledFonts.pas"/>
			<DCCReference Include="Using Text and Fonts\uDemoPrivateFontCollection.pas"/>
			<DCCReference Include="Using Text and Fonts\uDemoFontMetrics.pas"/>
			<DCCReference Include="Using Text and Fonts\uDemoAntialiasingText.pas"/>
			<DCCReference Include="Constructing and Drawing Curves\uDemoCardinalSplines.pas"/>
			<DCCReference Include="Constructing and Drawing Curves\uDemoBezierSplines.pas"/>
			<DCCReference Include="Filling Shapes with a Gradient Brush\uDemoLinearGradient.pas"/>
			<DCCReference Include="Filling Shapes with a Gradient Brush\uDemoPathGradient.pas"/>
			<DCCReference Include="Filling Shapes with a Gradient Brush\uDemoGradientGamma.pas"/>
			<DCCReference Include="Constructing and Drawing Paths\uDemoCreateFigures.pas"/>
			<DCCReference Include="Constructing and Drawing Paths\uDemoFillOpenFigures.pas"/>
			<DCCReference Include="Using Graphics Containers\uDemoGraphicsState.pas"/>
			<DCCReference Include="Using Graphics Containers\uDemoNestedContainers.pas"/>
			<DCCReference Include="Transformations\uDemoWorldTransformations.pas"/>
			<DCCReference Include="Transformations\uDemoTransformationOrder.pas"/>
			<DCCReference Include="Using Regions\uDemoHitTestRegion.pas"/>
			<DCCReference Include="Using Regions\uDemoClipRegion.pas"/>
			<DCCReference Include="Recoloring\uDemoColorMatrixTransform.pas"/>
			<DCCReference Include="Recoloring\uDemoTranslatingColors.pas"/>
			<DCCReference Include="Recoloring\uDemoScalingColors.pas"/>
			<DCCReference Include="Recoloring\uDemoRotatingColors.pas"/>
			<DCCReference Include="Recoloring\uDemoShearingColors.pas"/>
			<DCCReference Include="Recoloring\uDemoColorRemapTable.pas"/>
			<DCCReference Include="Printing\uDemoPrintGdiPlusOutput.pas"/>
			<BuildConfiguration Include="Base">
				<Key>Base</Key>
			</BuildConfiguration>
			<BuildConfiguration Include="Debug">
				<Key>Cfg_2</Key>
				<CfgParent>Base</CfgParent>
			</BuildConfiguration>
			<BuildConfiguration Include="Release">
				<Key>Cfg_1</Key>
				<CfgParent>Base</CfgParent>
			</BuildConfiguration>
		</ItemGroup>
		<Import Project="$(BDS)\Bin\CodeGear.Delphi.Targets" Condition="Exists('$(BDS)\Bin\CodeGear.Delphi.Targets')"/>
		<ProjectExtensions>
			<Borland.Personality>Delphi.Personality.12</Borland.Personality>
			<Borland.ProjectType/>
			<BorlandProject>
				<Delphi.Personality>
					<Source>
						<Source Name="MainSource">GdiPlus10.dpr</Source>
					</Source>
					<Parameters>
						<Parameters Name="UseLauncher">False</Parameters>
						<Parameters Name="LoadAllSymbols">True</Parameters>
						<Parameters Name="LoadUnspecifiedSymbols">False</Parameters>
					</Parameters>
					<VersionInfo>
						<VersionInfo Name="IncludeVerInfo">False</VersionInfo>
						<VersionInfo Name="AutoIncBuild">False</VersionInfo>
						<VersionInfo Name="MajorVer">1</VersionInfo>
						<VersionInfo Name="MinorVer">0</VersionInfo>
						<VersionInfo Name="Release">0</VersionInfo>
						<VersionInfo Name="Build">0</VersionInfo>
						<VersionInfo Name="Debug">False</VersionInfo>
						<VersionInfo Name="PreRelease">False</VersionInfo>
						<VersionInfo Name="Special">False</VersionInfo>
						<VersionInfo Name="Private">False</VersionInfo>
						<VersionInfo Name="DLL">False</VersionInfo>
						<VersionInfo Name="Locale">1033</VersionInfo>
						<VersionInfo Name="CodePage">1252</VersionInfo>
					</VersionInfo>
					<VersionInfoKeys>
						<VersionInfoKeys Name="CompanyName"/>
						<VersionInfoKeys Name="FileDescription"/>
						<VersionInfoKeys Name="FileVersion">1.0.0.0</VersionInfoKeys>
						<VersionInfoKeys Name="InternalName"/>
						<VersionInfoKeys Name="LegalCopyright"/>
						<VersionInfoKeys Name="LegalTrademarks"/>
						<VersionInfoKeys Name="OriginalFilename"/>
						<VersionInfoKeys Name="ProductName"/>
						<VersionInfoKeys Name="ProductVersion">1.0.0.0</VersionInfoKeys>
						<VersionInfoKeys Name="Comments"/>
					</VersionInfoKeys>
				</Delphi.Personality>
			</BorlandProject>
			<ProjectFileVersion>12</ProjectFileVersion>
		</ProjectExtensions>
	</Project>
